
Microsoft Visual Studio Solution File, Format Version 12.00
# Visual Studio Version 17
VisualStudioVersion = 17.11.35222.181
MinimumVisualStudioVersion = 10.0.40219.1
Project("{FAE04EC0-301F-11D3-BF4B-00C04F79EFBC}") = "ChessBoard", "ChessBoard.csproj", "{8B1FCB3D-D810-4AB9-B12B-86E70A29E263}"
EndProject
Global
	GlobalSection(SolutionConfigurationPlatforms) = preSolution
		Debug|Any CPU = Debug|Any CPU
		Release|Any CPU = Release|Any CPU
	EndGlobalSection
	GlobalSection(ProjectConfigurationPlatforms) = postSolution
		{8B1FCB3D-D810-4AB9-B12B-86E70A29E263}.Debug|Any CPU.ActiveCfg = Debug|Any CPU
		{8B1FCB3D-D810-4AB9-B12B-86E70A29E263}.Debug|Any CPU.Build.0 = Debug|Any CPU
		{8B1FCB3D-D810-4AB9-B12B-86E70A29E263}.Release|Any CPU.ActiveCfg = Release|Any CPU
		{8B1FCB3D-D810-4AB9-B12B-86E70A29E263}.Release|Any CPU.Build.0 = Release|Any CPU
	EndGlobalSection
	GlobalSection(SolutionProperties) = preSolution
		HideSolutionNode = FALSE
	EndGlobalSection
	GlobalSection(ExtensibilityGlobals) = postSolution
		SolutionGuid = {D3A8A13F-5346-4794-9E5C-4CF08A47E96C}
	EndGlobalSection
EndGlobal
